Microsoft Visual Studio Solution File, Format Version 12.00
# Visual Studio Version 17
VisualStudioVersion = 17.5.2.0
MinimumVisualStudioVersion = 10.0.40219.1
Project("{FAE04EC0-301F-11D3-BF4B-00C04F79EFBC}") = "lab-11-madlibs-2-morales-c", "lab-11-madlibs-2-morales-c.csproj", "{D522EEE8-D632-473C-28E2-EC4F31D3AD16}"
EndProject
Global
	GlobalSection(SolutionConfigurationPlatforms) = preSolution
		Debug|Any CPU = Debug|Any CPU
		Release|Any CPU = Release|Any CPU
	EndGlobalSection
	GlobalSection(ProjectConfigurationPlatforms) = postSolution
		{D522EEE8-D632-473C-28E2-EC4F31D3AD16}.Debug|Any CPU.ActiveCfg = Debug|Any CPU
		{D522EEE8-D632-473C-28E2-EC4F31D3AD16}.Debug|Any CPU.Build.0 = Debug|Any CPU
		{D522EEE8-D632-473C-28E2-EC4F31D3AD16}.Release|Any CPU.ActiveCfg = Release|Any CPU
		{D522EEE8-D632-473C-28E2-EC4F31D3AD16}.Release|Any CPU.Build.0 = Release|Any CPU
	EndGlobalSection
	GlobalSection(SolutionProperties) = preSolution
		HideSolutionNode = FALSE
	EndGlobalSection
	GlobalSection(ExtensibilityGlobals) = postSolution
		SolutionGuid = {29607414-ADF8-4C67-90E4-D60E60719679}
	EndGlobalSection
EndGlobal
